# THIS IS AN AUTOGENERATED FILE. DO NOT EDIT THIS FILE DIRECTLY.
# ALWAYS COMMIT THIS FILE TO GIT.
# Records the exact versions and metadata of all packages installed to ensure reproducible environments.

[conda]
_openmp_mutex=5.1=1_gnu @ 426e1572
_python_abi3_support=1.0=hd8ed1ab_3 @ 77dc15eb
aiobotocore=3.8.0=pyhcf101f3_0 @ 77dc15eb
aiohappyeyeballs=2.7.1=pyhd8ed1ab_0 @ 2cda1526
aiohttp=3.14.3=py312h5d8c7f2_0 @ ad241afe
aioitertools=0.13.0=pyhd8ed1ab_0 @ 2cda1526
aiosignal=1.4.0=pyhd8ed1ab_0 @ 2cda1526
attrs=26.1.0=pyhcf101f3_0 @ 2cda1526
backports.zstd=1.6.0=py312h90b7ffd_0 @ 426e1572
botocore=1.43.46=pyhd8ed1ab_0 @ 77dc15eb
brotli-python=1.2.0=py312hdb49522_1 @ 426e1572
bzip2=1.0.8=hda65f42_9 @ 426e1572
ca-certificates=2026.7.22=hbd8a1cb_0 @ ef0213ca
certifi=2026.7.22=pyhd8ed1ab_0 @ ef0213ca
charset-normalizer=3.4.9=pyhd8ed1ab_0 @ 77dc15eb
conjure-python-client=2.12.0=pyhd8ed1ab_1 @ 2cda1526
cpython=3.12.13=py312hd8ed1ab_0 @ 2cda1526
data-health-api=1.1601.0=py_0 @ 5a011d5e
duckdb=1.5.4=h1a96a4e_0 @ 931c1ab2
foundry-container-sidecar-api=0.2466.0=py_0 @ 5a011d5e
foundry-data-sidecar-api=0.1208.0=py_0 @ 5a011d5e
foundry-transforms-lib-python=0.1209.0=py_0 @ 5a011d5e
frozenlist=1.8.0=py312h447239a_0 @ 426e1572
fsspec=2026.6.0=pyhd8ed1ab_0 @ 2cda1526
h2=4.4.0=pyhcf101f3_0 @ 931c1ab2
hpack=4.2.0=pyhd8ed1ab_0 @ 2cda1526
hyperframe=6.1.0=pyhd8ed1ab_0 @ 2cda1526
idna=3.18=pyhcf101f3_0 @ 2cda1526
importlib-metadata=9.0.0=pyhcf101f3_0 @ 2cda1526
jmespath=1.1.0=pyhcf101f3_1 @ 2cda1526
ld_impl_linux-64=2.46.1=default_hbd61a6d_102 @ 03c11416
libabseil=20260526.0=cxx17_h7b12aa8_1 @ 426e1572
libarrow-acero=25.0.0=h635bf11_3_cpu @ 8ea01637
libarrow-dataset=25.0.0=h635bf11_3_cpu @ 8ea01637
libarrow-substrait=25.0.0=h66fbfdd_3_cpu @ 8ea01637
libblas=3.11.0=8_h4a7cf45_openblas @ 426e1572
libcblas=3.11.0=8_h0358290_openblas @ 426e1572
libevent=2.1.12=hdbd6064_1 @ 426e1572
libexpat=2.8.1=hecca717_1 @ 426e1572
libffi=3.5.2=h3435931_0 @ 426e1572
libgcc=15.2.0=he0feb66_20 @ ad241afe
libgcc-ng=15.2.0=h69a702a_20 @ ad241afe
libgfortran=15.2.0=h69a702a_20 @ ad241afe
libgfortran5=15.2.0=h68bc16d_20 @ ad241afe
libgomp=15.2.0=he0feb66_20 @ ad241afe
liblapack=3.11.0=8_h47877c9_openblas @ 426e1572
liblzma=5.8.3=hb03c661_0 @ 426e1572
libnsl=2.0.1=hb9d3cd8_1 @ 426e1572
libopenblas=0.3.33=pthreads_h94d23a6_0 @ 426e1572
libparquet=25.0.0=h7376487_3_cpu @ 8ea01637
libprotobuf=7.35.1=h2840a7c_2 @ 426e1572
libsqlite=3.53.4=h0c1763c_0 @ ad241afe
libstdcxx=15.2.0=h934c35e_20 @ ad241afe
libstdcxx-ng=15.2.0=hdf11a46_20 @ ad241afe
libthrift=0.22.0=h7d032f7_2 @ 426e1572
libuuid=2.42.2=h5347b49_0 @ 426e1572
libxcrypt=4.4.36=hd590300_1 @ 426e1572
libzlib=1.3.2=h25fd6f3_2 @ 426e1572
multidict=6.7.1=py312h8a5da7c_0 @ 426e1572
ncurses=6.6=hdb14827_0 @ 426e1572
numpy=1.26.4=py312heda63a1_0 @ 426e1572
openssl=3.6.3=h35e630c_0 @ 426e1572
packaging=26.2=pyhc364b38_0 @ 2cda1526
palantir-spark-time=3.24.0=py_0 @ 586315a4
pandas=3.0.3=py312h8ecdadd_0 @ 8ea01637
parsimonious=0.10.0=pyhd8ed1ab_1 @ 2cda1526
pip=26.1.2=pyh8b19718_0 @ 2cda1526
polars=1.43.0=pyh8da0edf_0 @ 77dc15eb
polars-runtime-32=1.43.0=py310h9585f58_0 @ 8ea01637
propcache=0.5.2=py312h8a5da7c_0 @ 426e1572
py4j=0.10.9.9=pyhd8ed1ab_0 @ 2cda1526
pyarrow=25.0.0=py312h7900ff3_0 @ 8ea01637
pysocks=1.7.1=pyha55dd90_7 @ 2cda1526
pyspark=3.5.5.28=py_0 @ 586315a4
pyspark-src=3.5.5.28=py_0 @ 586315a4
python=3.12.13=hd63d673_0_cpython @ 426e1572
python-dateutil=2.9.0.post0=pyhe01879c_2 @ 2cda1526
python-duckdb=1.5.4=py312h1289d80_0 @ 8ea01637
python-gil=3.12.13=hd8ed1ab_0 @ 2cda1526
python_abi=3.12=8_cp312 @ 2cda1526
pytz=2026.3=pyhcf101f3_0 @ 931c1ab2
pyyaml=6.0.3=py312h8a5da7c_1 @ 426e1572
readline=8.3=h853b02a_0 @ 426e1572
regex=2026.7.19=py312h4c3975b_0 @ 8ea01637
requests=2.34.2=pyhcf101f3_0 @ 2cda1526
s3fs=2026.6.0=pyhd8ed1ab_0 @ 2cda1526
setuptools=78.1.1=pyhff2d567_0 @ 2cda1526
six=1.17.0=pyhe01879c_1 @ 2cda1526
tables-api=0.1066.0=py_0 @ 586315a4
tk=8.6.13=noxft_ha0e22de_103 @ 426e1572
transforms=3.208.3=py_0 @ 586315a4
transforms-container-ops-python=0.325.0=py312 @ 738f1daa
transforms-expectations=0.1311.0=py_0 @ a0b41669
transforms-preview=0.1311.0=py_0 @ a0b41669
transforms-verbs=0.1311.0=py_0 @ a0b41669
typeguard=4.5.2=pyhcf101f3_0 @ 2cda1526
typing_extensions=4.16.0=pyhcf101f3_0 @ 2cda1526
tzdata=2026c=h151e31d_0 @ ef0213ca
urllib3=2.7.0=pyhd8ed1ab_0 @ 2cda1526
wheel=0.47.0=pyhd8ed1ab_0 @ 2cda1526
wrapt=2.2.2=py312h4c3975b_0 @ 426e1572
yaml=0.2.5=h280c20c_3 @ 426e1572
yarl=1.24.5=py312h8a5da7c_0 @ 8ea01637
zipp=4.1.0=pyhcf101f3_0 @ 2cda1526
zstd=1.5.7=hb78ec9c_6 @ 426e1572

[pip]

[conda-metadata]
03c11416 - linux-64 @ conda @ ri.transforms.python.artifacts.runtime
2cda1526 - noarch @ conda @ ri.transforms.python.artifacts.repository
426e1572 - linux-64 @ conda @ ri.transforms.python.artifacts.repository
586315a4 - noarch @ tar.bz2 @ ri.transforms.python.artifacts.repository
5a011d5e - noarch @ tar.bz2 @ ri.artifacts.repository.python-library.foundry-transforms-lib
738f1daa - linux-64 @ tar.bz2 @ ri.artifacts.repository.python-library.foundry-transforms-lib
77dc15eb - noarch @ conda @ ri.transforms-addons-bundle..artifacts.bundle
8ea01637 - linux-64 @ conda @ ri.transforms-addons-bundle..artifacts.bundle
931c1ab2 - noarch @ conda @ ri.artifacts.repository.artifactory.external-conda-forge
a0b41669 - noarch @ tar.bz2 @ ri.transforms-addons-bundle..artifacts.bundle
ad241afe - linux-64 @ conda @ ri.artifacts.repository.artifactory.external-conda-forge
ef0213ca - noarch @ conda @ ri.transforms.python.artifacts.runtime

[pip-indices]
ri.artifacts.repository.python-library.foundry-transforms-lib
ri.stemma.main.repository.0082fd3e-9c97-4941-b94f-c2e51bdbadf6
ri.transforms-addons-bundle..artifacts.bundle
ri.transforms-tables-asset.main.artifacts.repository
ri.transforms.python.artifacts.runtime

[cran-repos]
ri.stemma.main.repository.0082fd3e-9c97-4941-b94f-c2e51bdbadf6

[conda lock version]
v3 - fb9500964a4e44d7a96e5858b4cd57bfce89e830f6ee993be5697ca38780f8d0
